
Microsoft Visual Studio Solution File, Format Version 12.00
# Visual Studio Version 16
VisualStudioVersion = 16.0.30330.147
MinimumVisualStudioVersion = 10.0.40219.1
Project("{FAE04EC0-301F-11D3-BF4B-00C04F79EFBC}") = "ConsoleAppToConvertToPDF", "ConsoleAppToConvertToPDF\ConsoleAppToConvertToPDF.csproj", "{B42A63E5-F5DC-4D70-9C6F-039ED582DB62}"
EndProject
Global
	GlobalSection(SolutionConfigurationPlatforms) = preSolution
		Debug|Any CPU = Debug|Any CPU
		Release|Any CPU = Release|Any CPU
	EndGlobalSection
	GlobalSection(ProjectConfigurationPlatforms) = postSolution
		{B42A63E5-F5DC-4D70-9C6F-039ED582DB62}.Debug|Any CPU.ActiveCfg = Debug|Any CPU
		{B42A63E5-F5DC-4D70-9C6F-039ED582DB62}.Debug|Any CPU.Build.0 = Debug|Any CPU
		{B42A63E5-F5DC-4D70-9C6F-039ED582DB62}.Release|Any CPU.ActiveCfg = Release|Any CPU
		{B42A63E5-F5DC-4D70-9C6F-039ED582DB62}.Release|Any CPU.Build.0 = Release|Any CPU
	EndGlobalSection
	GlobalSection(SolutionProperties) = preSolution
		HideSolutionNode = FALSE
	EndGlobalSection
	GlobalSection(ExtensibilityGlobals) = postSolution
		SolutionGuid = {0B9774CA-5405-4F8E-A308-F2743C4D5817}
	EndGlobalSection
EndGlobal
